// !$*UTF8*$!
{
	archiveVersion = 1;
	classes = {
	};
	objectVersion = 55;
	objects = {

/* Begin PBXBuildFile section */
		3C095C362843A42E000261D3 /* AppDelegate.swift in Sources */ = {isa = PBXBuildFile; fileRef = 3C095C352843A42E000261D3 /* AppDelegate.swift */; };
		3C095C382843A42E000261D3 /* SceneDelegate.swift in Sources */ = {isa = PBXBuildFile; fileRef = 3C095C372843A42E000261D3 /* SceneDelegate.swift */; };
		3C095C3A2843A42E000261D3 /* ViewController.swift in Sources */ = {isa = PBXBuildFile; fileRef = 3C095C392843A42E000261D3 /* ViewController.swift */; };
		3C095C3D2843A42E000261D3 /* Main.storyboard in Resources */ = {isa = PBXBuildFile; fileRef = 3C095C3B2843A42E000261D3 /* Main.storyboard */; };
		3C095C3F2843A42F000261D3 /* Assets.xcassets in Resources */ = {isa = PBXBuildFile; fileRef = 3C095C3E2843A42F000261D3 /* Assets.xcassets */; };
		3C095C422843A42F000261D3 /* LaunchScreen.storyboard in Resources */ = {isa = PBXBuildFile; fileRef = 3C095C402843A42F000261D3 /* LaunchScreen.storyboard */; };
		3C095C4D2843A42F000261D3 /* CoreML_ImageStyleVideoTests.swift in Sources */ = {isa = PBXBuildFile; fileRef = 3C095C4C2843A42F000261D3 /* CoreML_ImageStyleVideoTests.swift */; };
		3C095C572843A42F000261D3 /* CoreML_ImageStyleVideoUITests.swift in Sources */ = {isa = PBXBuildFile; fileRef = 3C095C562843A42F000261D3 /* CoreML_ImageStyleVideoUITests.swift */; };
		3C095C592843A42F000261D3 /* CoreML_ImageStyleVideoUITestsLaunchTests.swift in Sources */ = {isa = PBXBuildFile; fileRef = 3C095C582843A42F000261D3 /* CoreML_ImageStyleVideoUITestsLaunchTests.swift */; };
		3C095C662843A45B000261D3 /* AnimeGANv2.mlmodel in Sources */ = {isa = PBXBuildFile; fileRef = 3C095C652843A45B000261D3 /* AnimeGANv2.mlmodel */; };
		3C3C7FF028464F2F0014FE09 /* photo2cartoon.mlmodel in Sources */ = {isa = PBXBuildFile; fileRef = 3C3C7FEF28464F2F0014FE09 /* photo2cartoon.mlmodel */; };
/* End PBXBuildFile section */

/* Begin PBXContainerItemProxy section */
		3C095C492843A42F000261D3 /* PBXContainerItemProxy */ = {
			isa = PBXContainerItemProxy;
			containerPortal = 3C095C2A2843A42E000261D3 /* Project object */;
			proxyType = 1;
			remoteGlobalIDString = 3C095C312843A42E000261D3;
			remoteInfo = "CoreML-ImageStyleVideo";
		};
		3C095C532843A42F000261D3 /* PBXContainerItemProxy */ = {
			isa = PBXContainerItemProxy;
			containerPortal = 3C095C2A2843A42E000261D3 /* Project object */;
			proxyType = 1;
			remoteGlobalIDString = 3C095C312843A42E000261D3;
			remoteInfo = "CoreML-ImageStyleVideo";
		};
/* End PBXContainerItemProxy section */

/* Begin PBXFileReference section */
		3C095C322843A42E000261D3 /* CoreML-ImageStyleVideo.app */ = {isa = PBXFileReference; explicitFileType = wrapper.application; includeInIndex = 0; path = "CoreML-ImageStyleVideo.app"; sourceTree = BUILT_PRODUCTS_DIR; };
		3C095C352843A42E000261D3 /* AppDelegate.swift */ = {isa = PBXFileReference; lastKnownFileType = sourcecode.swift; path = AppDelegate.swift; sourceTree = "<group>"; };
		3C095C372843A42E000261D3 /* SceneDelegate.swift */ = {isa = PBXFileReference; lastKnownFileType = sourcecode.swift; path = SceneDelegate.swift; sourceTree = "<group>"; };
		3C095C392843A42E000261D3 /* ViewController.swift */ = {isa = PBXFileReference; lastKnownFileType = sourcecode.swift; path = ViewController.swift; sourceTree = "<group>"; };
		3C095C3C2843A42E000261D3 /* Base */ = {isa = PBXFileReference; lastKnownFileType = file.storyboard; name = Base; path = Base.lproj/Main.storyboard; sourceTree = "<group>"; };
		3C095C3E2843A42F000261D3 /* Assets.xcassets */ = {isa = PBXFileReference; lastKnownFileType = folder.assetcatalog; path = Assets.xcassets; sourceTree = "<group>"; };
		3C095C412843A42F000261D3 /* Base */ = {isa = PBXFileReference; lastKnownFileType = file.storyboard; name = Base; path = Base.lproj/LaunchScreen.storyboard; sourceTree = "<group>"; };
		3C095C432843A42F000261D3 /* Info.plist */ = {isa = PBXFileReference; lastKnownFileType = text.plist.xml; path = Info.plist; sourceTree = "<group>"; };
		3C095C482843A42F000261D3 /* CoreML-ImageStyleVideoTests.xctest */ = {isa = PBXFileReference; explicitFileType = wrapper.cfbundle; includeInIndex = 0; path = "CoreML-ImageStyleVideoTests.xctest"; sourceTree = BUILT_PRODUCTS_DIR; };
		3C095C4C2843A42F000261D3 /* CoreML_ImageStyleVideoTests.swift */ = {isa = PBXFileReference; lastKnownFileType = sourcecode.swift; path = CoreML_ImageStyleVideoTests.swift; sourceTree = "<group>"; };
		3C095C522843A42F000261D3 /* CoreML-ImageStyleVideoUITests.xctest */ = {isa = PBXFileReference; explicitFileType = wrapper.cfbundle; includeInIndex = 0; path = "CoreML-ImageStyleVideoUITests.xctest"; sourceTree = BUILT_PRODUCTS_DIR; };
		3C095C562843A42F000261D3 /* CoreML_ImageStyleVideoUITests.swift */ = {isa = PBXFileReference; lastKnownFileType = sourcecode.swift; path = CoreML_ImageStyleVideoUITests.swift; sourceTree = "<group>"; };
		3C095C582843A42F000261D3 /* CoreML_ImageStyleVideoUITestsLaunchTests.swift */ = {isa = PBXFileReference; lastKnownFileType = sourcecode.swift; path = CoreML_ImageStyleVideoUITestsLaunchTests.swift; sourceTree = "<group>"; };
		3C095C652843A45B000261D3 /* AnimeGANv2.mlmodel */ = {isa = PBXFileReference; lastKnownFileType = file.mlmodel; path = AnimeGANv2.mlmodel; sourceTree = "<group>"; };
		3C3C7FEF28464F2F0014FE09 /* photo2cartoon.mlmodel */ = {isa = PBXFileReference; lastKnownFileType = file.mlmodel; path = photo2cartoon.mlmodel; sourceTree = "<group>"; };
/* End PBXFileReference section */

/* Begin PBXFrameworksBuildPhase section */
		3C095C2F2843A42E000261D3 /* Frameworks */ = {
			isa = PBXFrameworksBuildPhase;
			buildActionMask = 2147483647;
			files = (
			);
			runOnlyForDeploymentPostprocessing = 0;
		};
		3C095C452843A42F000261D3 /* Frameworks */ = {
			isa = PBXFrameworksBuildPhase;
			buildActionMask = 2147483647;
			files = (
			);
			runOnlyForDeploymentPostprocessing = 0;
		};
		3C095C4F2843A42F000261D3 /* Frameworks */ = {
			isa = PBXFrameworksBuildPhase;
			buildActionMask = 2147483647;
			files = (
			);
			runOnlyForDeploymentPostprocessing = 0;
		};
/* End PBXFrameworksBuildPhase section */

/* Begin PBXGroup section */
		3C095C292843A42E000261D3 = {
			isa = PBXGroup;
			children = (
				3C095C342843A42E000261D3 /* CoreML-ImageStyleVideo */,
				3C095C4B2843A42F000261D3 /* CoreML-ImageStyleVideoTests */,
				3C095C552843A42F000261D3 /* CoreML-ImageStyleVideoUITests */,
				3C095C332843A42E000261D3 /* Products */,
			);
			sourceTree = "<group>";
		};
		3C095C332843A42E000261D3 /* Products */ = {
			isa = PBXGroup;
			children = (
				3C095C322843A42E000261D3 /* CoreML-ImageStyleVideo.app */,
				3C095C482843A42F000261D3 /* CoreML-ImageStyleVideoTests.xctest */,
				3C095C522843A42F000261D3 /* CoreML-ImageStyleVideoUITests.xctest */,
			);
			name = Products;
			sourceTree = "<group>";
		};
		3C095C342843A42E000261D3 /* CoreML-ImageStyleVideo */ = {
			isa = PBXGroup;
			children = (
				3C3C7FEF28464F2F0014FE09 /* photo2cartoon.mlmodel */,
				3C095C652843A45B000261D3 /* AnimeGANv2.mlmodel */,
				3C095C352843A42E000261D3 /* AppDelegate.swift */,
				3C095C372843A42E000261D3 /* SceneDelegate.swift */,
				3C095C392843A42E000261D3 /* ViewController.swift */,
				3C095C3B2843A42E000261D3 /* Main.storyboard */,
				3C095C3E2843A42F000261D3 /* Assets.xcassets */,
				3C095C402843A42F000261D3 /* LaunchScreen.storyboard */,
				3C095C432843A42F000261D3 /* Info.plist */,
			);
			path = "CoreML-ImageStyleVideo";
			sourceTree = "<group>";
		};
		3C095C4B2843A42F000261D3 /* CoreML-ImageStyleVideoTests */ = {
			isa = PBXGroup;
			children = (
				3C095C4C2843A42F000261D3 /* CoreML_ImageStyleVideoTests.swift */,
			);
			path = "CoreML-ImageStyleVideoTests";
			sourceTree = "<group>";
		};
		3C095C552843A42F000261D3 /* CoreML-ImageStyleVideoUITests */ = {
			isa = PBXGroup;
			children = (
				3C095C562843A42F000261D3 /* CoreML_ImageStyleVideoUITests.swift */,
				3C095C582843A42F000261D3 /* CoreML_ImageStyleVideoUITestsLaunchTests.swift */,
			);
			path = "CoreML-ImageStyleVideoUITests";
			sourceTree = "<group>";
		};
/* End PBXGroup section */

/* Begin PBXNativeTarget section */
		3C095C312843A42E000261D3 /* CoreML-ImageStyleVideo */ = {
			isa = PBXNativeTarget;
			buildConfigurationList = 3C095C5C2843A42F000261D3 /* Build configuration list for PBXNativeTarget "CoreML-ImageStyleVideo" */;
			buildPhases = (
				3C095C2E2843A42E000261D3 /* Sources */,
				3C095C2F2843A42E000261D3 /* Frameworks */,
				3C095C302843A42E000261D3 /* Resources */,
			);
			buildRules = (
			);
			dependencies = (
			);
			name = "CoreML-ImageStyleVideo";
			productName = "CoreML-ImageStyleVideo";
			productReference = 3C095C322843A42E000261D3 /* CoreML-ImageStyleVideo.app */;
			productType = "com.apple.product-type.application";
		};
		3C095C472843A42F000261D3 /* CoreML-ImageStyleVideoTests */ = {
			isa = PBXNativeTarget;
			buildConfigurationList = 3C095C5F2843A42F000261D3 /* Build configuration list for PBXNativeTarget "CoreML-ImageStyleVideoTests" */;
			buildPhases = (
				3C095C442843A42F000261D3 /* Sources */,
				3C095C452843A42F000261D3 /* Frameworks */,
				3C095C462843A42F000261D3 /* Resources */,
			);
			buildRules = (
			);
			dependencies = (
				3C095C4A2843A42F000261D3 /* PBXTargetDependency */,
			);
			name = "CoreML-ImageStyleVideoTests";
			productName = "CoreML-ImageStyleVideoTests";
			productReference = 3C095C482843A42F000261D3 /* CoreML-ImageStyleVideoTests.xctest */;
			productType = "com.apple.product-type.bundle.unit-test";
		};
		3C095C512843A42F000261D3 /* CoreML-ImageStyleVideoUITests */ = {
			isa = PBXNativeTarget;
			buildConfigurationList = 3C095C622843A42F000261D3 /* Build configuration list for PBXNativeTarget "CoreML-ImageStyleVideoUITests" */;
			buildPhases = (
				3C095C4E2843A42F000261D3 /* Sources */,
				3C095C4F2843A42F000261D3 /* Frameworks */,
				3C095C502843A42F000261D3 /* Resources */,
			);
			buildRules = (
			);
			dependencies = (
				3C095C542843A42F000261D3 /* PBXTargetDependency */,
			);
			name = "CoreML-ImageStyleVideoUITests";
			productName = "CoreML-ImageStyleVideoUITests";
			productReference = 3C095C522843A42F000261D3 /* CoreML-ImageStyleVideoUITests.xctest */;
			productType = "com.apple.product-type.bundle.ui-testing";
		};
/* End PBXNativeTarget section */

/* Begin PBXProject section */
		3C095C2A2843A42E000261D3 /* Project object */ = {
			isa = PBXProject;
			attributes = {
				BuildIndependentTargetsInParallel = 1;
				LastSwiftUpdateCheck = 1340;
				LastUpgradeCheck = 1340;
				TargetAttributes = {
					3C095C312843A42E000261D3 = {
						CreatedOnToolsVersion = 13.4;
					};
					3C095C472843A42F000261D3 = {
						CreatedOnToolsVersion = 13.4;
						TestTargetID = 3C095C312843A42E000261D3;
					};
					3C095C512843A42F000261D3 = {
						CreatedOnToolsVersion = 13.4;
						TestTargetID = 3C095C312843A42E000261D3;
					};
				};
			};
			buildConfigurationList = 3C095C2D2843A42E000261D3 /* Build configuration list for PBXProject "CoreML-ImageStyleVideo" */;
			compatibilityVersion = "Xcode 13.0";
			developmentRegion = en;
			hasScannedForEncodings = 0;
			knownRegions = (
				en,
				Base,
			);
			mainGroup = 3C095C292843A42E000261D3;
			productRefGroup = 3C095C332843A42E000261D3 /* Products */;
			projectDirPath = "";
			projectRoot = "";
			targets = (
				3C095C312843A42E000261D3 /* CoreML-ImageStyleVideo */,
				3C095C472843A42F000261D3 /* CoreML-ImageStyleVideoTests */,
				3C095C512843A42F000261D3 /* CoreML-ImageStyleVideoUITests */,
			);
		};
/* End PBXProject section */

/* Begin PBXResourcesBuildPhase section */
		3C095C302843A42E000261D3 /* Resources */ = {
			isa = PBXResourcesBuildPhase;
			buildActionMask = 2147483647;
			files = (
				3C095C422843A42F000261D3 /* LaunchScreen.storyboard in Resources */,
				3C095C3F2843A42F000261D3 /* Assets.xcassets in Resources */,
				3C095C3D2843A42E000261D3 /* Main.storyboard in Resources */,
			);
			runOnlyForDeploymentPostprocessing = 0;
		};
		3C095C462843A42F000261D3 /* Resources */ = {
			isa = PBXResourcesBuildPhase;
			buildActionMask = 2147483647;
			files = (
			);
			runOnlyForDeploymentPostprocessing = 0;
		};
		3C095C502843A42F000261D3 /* Resources */ = {
			isa = PBXResourcesBuildPhase;
			buildActionMask = 2147483647;
			files = (
			);
			runOnlyForDeploymentPostprocessing = 0;
		};
/* End PBXResourcesBuildPhase section */

/* Begin PBXSourcesBuildPhase section */
		3C095C2E2843A42E000261D3 /* Sources */ = {
			isa = PBXSourcesBuildPhase;
			buildActionMask = 2147483647;
			files = (
				3C095C3A2843A42E000261D3 /* ViewController.swift in Sources */,
				3C095C362843A42E000261D3 /* AppDelegate.swift in Sources */,
				3C3C7FF028464F2F0014FE09 /* photo2cartoon.mlmodel in Sources */,
				3C095C662843A45B000261D3 /* AnimeGANv2.mlmodel in Sources */,
				3C095C382843A42E000261D3 /* SceneDelegate.swift in Sources */,
			);
			runOnlyForDeploymentPostprocessing = 0;
		};
		3C095C442843A42F000261D3 /* Sources */ = {
			isa = PBXSourcesBuildPhase;
			buildActionMask = 2147483647;
			files = (
				3C095C4D2843A42F000261D3 /* CoreML_ImageStyleVideoTests.swift in Sources */,
			);
			runOnlyForDeploymentPostprocessing = 0;
		};
		3C095C4E2843A42F000261D3 /* Sources */ = {
			isa = PBXSourcesBuildPhase;
			buildActionMask = 2147483647;
			files = (
				3C095C592843A42F000261D3 /* CoreML_ImageStyleVideoUITestsLaunchTests.swift in Sources */,
				3C095C572843A42F000261D3 /* CoreML_ImageStyleVideoUITests.swift in Sources */,
			);
			runOnlyForDeploymentPostprocessing = 0;
		};
/* End PBXSourcesBuildPhase section */

/* Begin PBXTargetDependency section */
		3C095C4A2843A42F000261D3 /* PBXTargetDependency */ = {
			isa = PBXTargetDependency;
			target = 3C095C312843A42E000261D3 /* CoreML-ImageStyleVideo */;
			targetProxy = 3C095C492843A42F000261D3 /* PBXContainerItemProxy */;
		};
		3C095C542843A42F000261D3 /* PBXTargetDependency */ = {
			isa = PBXTargetDependency;
			target = 3C095C312843A42E000261D3 /* CoreML-ImageStyleVideo */;
			targetProxy = 3C095C532843A42F000261D3 /* PBXContainerItemProxy */;
		};
/* End PBXTargetDependency section */

/* Begin PBXVariantGroup section */
		3C095C3B2843A42E000261D3 /* Main.storyboard */ = {
			isa = PBXVariantGroup;
			children = (
				3C095C3C2843A42E000261D3 /* Base */,
			);
			name = Main.storyboard;
			sourceTree = "<group>";
		};
		3C095C402843A42F000261D3 /* LaunchScreen.storyboard */ = {
			isa = PBXVariantGroup;
			children = (
				3C095C412843A42F000261D3 /* Base */,
			);
			name = LaunchScreen.storyboard;
			sourceTree = "<group>";
		};
/* End PBXVariantGroup section */

/* Begin XCBuildConfiguration section */
		3C095C5A2843A42F000261D3 /* Debug */ = {
			isa = XCBuildConfiguration;
			buildSettings = {
				ALWAYS_SEARCH_USER_PATHS = NO;
				CLANG_ANALYZER_NONNULL = YES;
				CLANG_ANALYZER_NUMBER_OBJECT_CONVERSION = YES_AGGRESSIVE;
				CLANG_CXX_LANGUAGE_STANDARD = "gnu++17";
				CLANG_ENABLE_MODULES = YES;
				CLANG_ENABLE_OBJC_ARC = YES;
				CLANG_ENABLE_OBJC_WEAK = YES;
				CLANG_WARN_BLOCK_CAPTURE_AUTORELEASING = YES;
				CLANG_WARN_BOOL_CONVERSION = YES;
				CLANG_WARN_COMMA = YES;
				CLANG_WARN_CONSTANT_CONVERSION = YES;
				CLANG_WARN_DEPRECATED_OBJC_IMPLEMENTATIONS = YES;
				CLANG_WARN_DIRECT_OBJC_ISA_USAGE = YES_ERROR;
				CLANG_WARN_DOCUMENTATION_COMMENTS = YES;
				CLANG_WARN_EMPTY_BODY = YES;
				CLANG_WARN_ENUM_CONVERSION = YES;
				CLANG_WARN_INFINITE_RECURSION = YES;
				CLANG_WARN_INT_CONVERSION = YES;
				CLANG_WARN_NON_LITERAL_NULL_CONVERSION = YES;
				CLANG_WARN_OBJC_IMPLICIT_RETAIN_SELF = YES;
				CLANG_WARN_OBJC_LITERAL_CONVERSION = YES;
				CLANG_WARN_OBJC_ROOT_CLASS = YES_ERROR;
				CLANG_WARN_QUOTED_INCLUDE_IN_FRAMEWORK_HEADER = YES;
				CLANG_WARN_RANGE_LOOP_ANALYSIS = YES;
				CLANG_WARN_STRICT_PROTOTYPES = YES;
				CLANG_WARN_SUSPICIOUS_MOVE = YES;
				CLANG_WARN_UNGUARDED_AVAILABILITY = YES_AGGRESSIVE;
				CLANG_WARN_UNREACHABLE_CODE = YES;
				CLANG_WARN__DUPLICATE_METHOD_MATCH = YES;
				COPY_PHASE_STRIP = NO;
				DEBUG_INFORMATION_FORMAT = dwarf;
				ENABLE_STRICT_OBJC_MSGSEND = YES;
				ENABLE_TESTABILITY = YES;
				GCC_C_LANGUAGE_STANDARD = gnu11;
				GCC_DYNAMIC_NO_PIC = NO;
				GCC_NO_COMMON_BLOCKS = YES;
				GCC_OPTIMIZATION_LEVEL = 0;
				GCC_PREPROCESSOR_DEFINITIONS = (
					"DEBUG=1",
					"$(inherited)",
				);
				GCC_WARN_64_TO_32_BIT_CONVERSION = YES;
				GCC_WARN_ABOUT_RETURN_TYPE = YES_ERROR;
				GCC_WARN_UNDECLARED_SELECTOR = YES;
				GCC_WARN_UNINITIALIZED_AUTOS = YES_AGGRESSIVE;
				GCC_WARN_UNUSED_FUNCTION = YES;
				GCC_WARN_UNUSED_VARIABLE = YES;
				IPHONEOS_DEPLOYMENT_TARGET = 15.5;
				MTL_ENABLE_DEBUG_INFO = INCLUDE_SOURCE;
				MTL_FAST_MATH = YES;
				ONLY_ACTIVE_ARCH = YES;
				SDKROOT = iphoneos;
				SWIFT_ACTIVE_COMPILATION_CONDITIONS = DEBUG;
				SWIFT_OPTIMIZATION_LEVEL = "-Onone";
			};
			name = Debug;
		};
		3C095C5B2843A42F000261D3 /* Release */ = {
			isa = XCBuildConfiguration;
			buildSettings = {
				ALWAYS_SEARCH_USER_PATHS = NO;
				CLANG_ANALYZER_NONNULL = YES;
				CLANG_ANALYZER_NUMBER_OBJECT_CONVERSION = YES_AGGRESSIVE;
				CLANG_CXX_LANGUAGE_STANDARD = "gnu++17";
				CLANG_ENABLE_MODULES = YES;
				CLANG_ENABLE_OBJC_ARC = YES;
				CLANG_ENABLE_OBJC_WEAK = YES;
				CLANG_WARN_BLOCK_CAPTURE_AUTORELEASING = YES;
				CLANG_WARN_BOOL_CONVERSION = YES;
				CLANG_WARN_COMMA = YES;
				CLANG_WARN_CONSTANT_CONVERSION = YES;
				CLANG_WARN_DEPRECATED_OBJC_IMPLEMENTATIONS = YES;
				CLANG_WARN_DIRECT_OBJC_ISA_USAGE = YES_ERROR;
				CLANG_WARN_DOCUMENTATION_COMMENTS = YES;
				CLANG_WARN_EMPTY_BODY = YES;
				CLANG_WARN_ENUM_CONVERSION = YES;
				CLANG_WARN_INFINITE_RECURSION = YES;
				CLANG_WARN_INT_CONVERSION = YES;
				CLANG_WARN_NON_LITERAL_NULL_CONVERSION = YES;
				CLANG_WARN_OBJC_IMPLICIT_RETAIN_SELF = YES;
				CLANG_WARN_OBJC_LITERAL_CONVERSION = YES;
				CLANG_WARN_OBJC_ROOT_CLASS = YES_ERROR;
				CLANG_WARN_QUOTED_INCLUDE_IN_FRAMEWORK_HEADER = YES;
				CLANG_WARN_RANGE_LOOP_ANALYSIS = YES;
				CLANG_WARN_STRICT_PROTOTYPES = YES;
				CLANG_WARN_SUSPICIOUS_MOVE = YES;
				CLANG_WARN_UNGUARDED_AVAILABILITY = YES_AGGRESSIVE;
				CLANG_WARN_UNREACHABLE_CODE = YES;
				CLANG_WARN__DUPLICATE_METHOD_MATCH = YES;
				COPY_PHASE_STRIP = NO;
				DEBUG_INFORMATION_FORMAT = "dwarf-with-dsym";
				ENABLE_NS_ASSERTIONS = NO;
				ENABLE_STRICT_OBJC_MSGSEND = YES;
				GCC_C_LANGUAGE_STANDARD = gnu11;
				GCC_NO_COMMON_BLOCKS = YES;
				GCC_WARN_64_TO_32_BIT_CONVERSION = YES;
				GCC_WARN_ABOUT_RETURN_TYPE = YES_ERROR;
				GCC_WARN_UNDECLARED_SELECTOR = YES;
				GCC_WARN_UNINITIALIZED_AUTOS = YES_AGGRESSIVE;
				GCC_WARN_UNUSED_FUNCTION = YES;
				GCC_WARN_UNUSED_VARIABLE = YES;
				IPHONEOS_DEPLOYMENT_TARGET = 15.5;
				MTL_ENABLE_DEBUG_INFO = NO;
				MTL_FAST_MATH = YES;
				SDKROOT = iphoneos;
				SWIFT_COMPILATION_MODE = wholemodule;
				SWIFT_OPTIMIZATION_LEVEL = "-O";
				VALIDATE_PRODUCT = YES;
			};
			name = Release;
		};
		3C095C5D2843A42F000261D3 /* Debug */ = {
			isa = XCBuildConfiguration;
			buildSettings = {
				ASSETCATALOG_COMPILER_APPICON_NAME = AppIcon;
				ASSETCATALOG_COMPILER_GLOBAL_ACCENT_COLOR_NAME = AccentColor;
				CODE_SIGN_STYLE = Automatic;
				CURRENT_PROJECT_VERSION = 1;
				DEVELOPMENT_TEAM = QF8H8R2NAV;
				GENERATE_INFOPLIST_FILE = YES;
				INFOPLIST_FILE = "CoreML-ImageStyleVideo/Info.plist";
				INFOPLIST_KEY_UIApplicationSupportsIndirectInputEvents = YES;
				INFOPLIST_KEY_UILaunchStoryboardName = LaunchScreen;
				INFOPLIST_KEY_UIMainStoryboardFile = Main;
				INFOPLIST_KEY_UISupportedInterfaceOrientations_iPad = "UIInterfaceOrientationPortrait UIInterfaceOrientationPortraitUpsideDown UIInterfaceOrientationLandscapeLeft UIInterfaceOrientationLandscapeRight";
				INFOPLIST_KEY_UISupportedInterfaceOrientations_iPhone = "UIInterfaceOrientationPortrait UIInterfaceOrientationLandscapeLeft UIInterfaceOrientationLandscapeRight";
				LD_RUNPATH_SEARCH_PATHS = (
					"$(inherited)",
					"@executable_path/Frameworks",
				);
				MARKETING_VERSION = 1.0;
				PRODUCT_BUNDLE_IDENTIFIER = "yf.develper.apple.CoreML-ImageStyleVideo";
				PRODUCT_NAME = "$(TARGET_NAME)";
				SWIFT_EMIT_LOC_STRINGS = YES;
				SWIFT_VERSION = 5.0;
				TARGETED_DEVICE_FAMILY = "1,2";
			};
			name = Debug;
		};
		3C095C5E2843A42F000261D3 /* Release */ = {
			isa = XCBuildConfiguration;
			buildSettings = {
				ASSETCATALOG_COMPILER_APPICON_NAME = AppIcon;
				ASSETCATALOG_COMPILER_GLOBAL_ACCENT_COLOR_NAME = AccentColor;
				CODE_SIGN_STYLE = Automatic;
				CURRENT_PROJECT_VERSION = 1;
				DEVELOPMENT_TEAM = QF8H8R2NAV;
				GENERATE_INFOPLIST_FILE = YES;
				INFOPLIST_FILE = "CoreML-ImageStyleVideo/Info.plist";
				INFOPLIST_KEY_UIApplicationSupportsIndirectInputEvents = YES;
				INFOPLIST_KEY_UILaunchStoryboardName = LaunchScreen;
				INFOPLIST_KEY_UIMainStoryboardFile = Main;
				INFOPLIST_KEY_UISupportedInterfaceOrientations_iPad = "UIInterfaceOrientationPortrait UIInterfaceOrientationPortraitUpsideDown UIInterfaceOrientationLandscapeLeft UIInterfaceOrientationLandscapeRight";
				INFOPLIST_KEY_UISupportedInterfaceOrientations_iPhone = "UIInterfaceOrientationPortrait UIInterfaceOrientationLandscapeLeft UIInterfaceOrientationLandscapeRight";
				LD_RUNPATH_SEARCH_PATHS = (
					"$(inherited)",
					"@executable_path/Frameworks",
				);
				MARKETING_VERSION = 1.0;
				PRODUCT_BUNDLE_IDENTIFIER = "yf.develper.apple.CoreML-ImageStyleVideo";
				PRODUCT_NAME = "$(TARGET_NAME)";
				SWIFT_EMIT_LOC_STRINGS = YES;
				SWIFT_VERSION = 5.0;
				TARGETED_DEVICE_FAMILY = "1,2";
			};
			name = Release;
		};
		3C095C602843A42F000261D3 /* Debug */ = {
			isa = XCBuildConfiguration;
			buildSettings = {
				ALWAYS_EMBED_SWIFT_STANDARD_LIBRARIES = YES;
				BUNDLE_LOADER = "$(TEST_HOST)";
				CODE_SIGN_STYLE = Automatic;
				CURRENT_PROJECT_VERSION = 1;
				DEVELOPMENT_TEAM = QF8H8R2NAV;
				GENERATE_INFOPLIST_FILE = YES;
				IPHONEOS_DEPLOYMENT_TARGET = 15.5;
				MARKETING_VERSION = 1.0;
				PRODUCT_BUNDLE_IDENTIFIER = "yf.develper.apple.CoreML-ImageStyleVideoTests";
				PRODUCT_NAME = "$(TARGET_NAME)";
				SWIFT_EMIT_LOC_STRINGS = NO;
				SWIFT_VERSION = 5.0;
				TARGETED_DEVICE_FAMILY = "1,2";
				TEST_HOST = "$(BUILT_PRODUCTS_DIR)/CoreML-ImageStyleVideo.app/CoreML-ImageStyleVideo";
			};
			name = Debug;
		};
		3C095C612843A42F000261D3 /* Release */ = {
			isa = XCBuildConfiguration;
			buildSettings = {
				ALWAYS_EMBED_SWIFT_STANDARD_LIBRARIES = YES;
				BUNDLE_LOADER = "$(TEST_HOST)";
				CODE_SIGN_STYLE = Automatic;
				CURRENT_PROJECT_VERSION = 1;
				DEVELOPMENT_TEAM = QF8H8R2NAV;
				GENERATE_INFOPLIST_FILE = YES;
				IPHONEOS_DEPLOYMENT_TARGET = 15.5;
				MARKETING_VERSION = 1.0;
				PRODUCT_BUNDLE_IDENTIFIER = "yf.develper.apple.CoreML-ImageStyleVideoTests";
				PRODUCT_NAME = "$(TARGET_NAME)";
				SWIFT_EMIT_LOC_STRINGS = NO;
				SWIFT_VERSION = 5.0;
				TARGETED_DEVICE_FAMILY = "1,2";
				TEST_HOST = "$(BUILT_PRODUCTS_DIR)/CoreML-ImageStyleVideo.app/CoreML-ImageStyleVideo";
			};
			name = Release;
		};
		3C095C632843A42F000261D3 /* Debug */ = {
			isa = XCBuildConfiguration;
			buildSettings = {
				ALWAYS_EMBED_SWIFT_STANDARD_LIBRARIES = YES;
				CODE_SIGN_STYLE = Automatic;
				CURRENT_PROJECT_VERSION = 1;
				DEVELOPMENT_TEAM = QF8H8R2NAV;
				GENERATE_INFOPLIST_FILE = YES;
				MARKETING_VERSION = 1.0;
				PRODUCT_BUNDLE_IDENTIFIER = "yf.develper.apple.CoreML-ImageStyleVideoUITests";
				PRODUCT_NAME = "$(TARGET_NAME)";
				SWIFT_EMIT_LOC_STRINGS = NO;
				SWIFT_VERSION = 5.0;
				TARGETED_DEVICE_FAMILY = "1,2";
				TEST_TARGET_NAME = "CoreML-ImageStyleVideo";
			};
			name = Debug;
		};
		3C095C642843A42F000261D3 /* Release */ = {
			isa = XCBuildConfiguration;
			buildSettings = {
				ALWAYS_EMBED_SWIFT_STANDARD_LIBRARIES = YES;
				CODE_SIGN_STYLE = Automatic;
				CURRENT_PROJECT_VERSION = 1;
				DEVELOPMENT_TEAM = QF8H8R2NAV;
				GENERATE_INFOPLIST_FILE = YES;
				MARKETING_VERSION = 1.0;
				PRODUCT_BUNDLE_IDENTIFIER = "yf.develper.apple.CoreML-ImageStyleVideoUITests";
				PRODUCT_NAME = "$(TARGET_NAME)";
				SWIFT_EMIT_LOC_STRINGS = NO;
				SWIFT_VERSION = 5.0;
				TARGETED_DEVICE_FAMILY = "1,2";
				TEST_TARGET_NAME = "CoreML-ImageStyleVideo";
			};
			name = Release;
		};
/* End XCBuildConfiguration section */

/* Begin XCConfigurationList section */
		3C095C2D2843A42E000261D3 /* Build configuration list for PBXProject "CoreML-ImageStyleVideo" */ = {
			isa = XCConfigurationList;
			buildConfigurations = (
				3C095C5A2843A42F000261D3 /* Debug */,
				3C095C5B2843A42F000261D3 /* Release */,
			);
			defaultConfigurationIsVisible = 0;
			defaultConfigurationName = Release;
		};
		3C095C5C2843A42F000261D3 /* Build configuration list for PBXNativeTarget "CoreML-ImageStyleVideo" */ = {
			isa = XCConfigurationList;
			buildConfigurations = (
				3C095C5D2843A42F000261D3 /* Debug */,
				3C095C5E2843A42F000261D3 /* Release */,
			);
			defaultConfigurationIsVisible = 0;
			defaultConfigurationName = Release;
		};
		3C095C5F2843A42F000261D3 /* Build configuration list for PBXNativeTarget "CoreML-ImageStyleVideoTests" */ = {
			isa = XCConfigurationList;
			buildConfigurations = (
				3C095C602843A42F000261D3 /* Debug */,
				3C095C612843A42F000261D3 /* Release */,
			);
			defaultConfigurationIsVisible = 0;
			defaultConfigurationName = Release;
		};
		3C095C622843A42F000261D3 /* Build configuration list for PBXNativeTarget "CoreML-ImageStyleVideoUITests" */ = {
			isa = XCConfigurationList;
			buildConfigurations = (
				3C095C632843A42F000261D3 /* Debug */,
				3C095C642843A42F000261D3 /* Release */,
			);
			defaultConfigurationIsVisible = 0;
			defaultConfigurationName = Release;
		};
/* End XCConfigurationList section */
	};
	rootObject = 3C095C2A2843A42E000261D3 /* Project object */;
}
