// !$*UTF8*$!
{
	archiveVersion = 1;
	classes = {
	};
	objectVersion = 55;
	objects = {

/* Begin PBXBuildFile section */
		3C419FD3282E0C0D005DD927 /* AppDelegate.swift in Sources */ = {isa = PBXBuildFile; fileRef = 3C419FD2282E0C0D005DD927 /* AppDelegate.swift */; };
		3C419FD5282E0C0D005DD927 /* SceneDelegate.swift in Sources */ = {isa = PBXBuildFile; fileRef = 3C419FD4282E0C0D005DD927 /* SceneDelegate.swift */; };
		3C419FD7282E0C0D005DD927 /* ViewController.swift in Sources */ = {isa = PBXBuildFile; fileRef = 3C419FD6282E0C0D005DD927 /* ViewController.swift */; };
		3C419FDA282E0C0D005DD927 /* Main.storyboard in Resources */ = {isa = PBXBuildFile; fileRef = 3C419FD8282E0C0D005DD927 /* Main.storyboard */; };
		3C419FDC282E0C0E005DD927 /* Assets.xcassets in Resources */ = {isa = PBXBuildFile; fileRef = 3C419FDB282E0C0E005DD927 /* Assets.xcassets */; };
		3C419FDF282E0C0E005DD927 /* LaunchScreen.storyboard in Resources */ = {isa = PBXBuildFile; fileRef = 3C419FDD282E0C0E005DD927 /* LaunchScreen.storyboard */; };
		3C419FEA282E0C0E005DD927 /* CoreML_SpeechTests.swift in Sources */ = {isa = PBXBuildFile; fileRef = 3C419FE9282E0C0E005DD927 /* CoreML_SpeechTests.swift */; };
		3C419FF4282E0C0E005DD927 /* CoreML_SpeechUITests.swift in Sources */ = {isa = PBXBuildFile; fileRef = 3C419FF3282E0C0E005DD927 /* CoreML_SpeechUITests.swift */; };
		3C419FF6282E0C0E005DD927 /* CoreML_SpeechUITestsLaunchTests.swift in Sources */ = {isa = PBXBuildFile; fileRef = 3C419FF5282E0C0E005DD927 /* CoreML_SpeechUITestsLaunchTests.swift */; };
		3C41A003282E12BD005DD927 /* sound.mp3 in Resources */ = {isa = PBXBuildFile; fileRef = 3C41A002282E12BD005DD927 /* sound.mp3 */; };
/* End PBXBuildFile section */

/* Begin PBXContainerItemProxy section */
		3C419FE6282E0C0E005DD927 /* PBXContainerItemProxy */ = {
			isa = PBXContainerItemProxy;
			containerPortal = 3C419FC7282E0C0D005DD927 /* Project object */;
			proxyType = 1;
			remoteGlobalIDString = 3C419FCE282E0C0D005DD927;
			remoteInfo = "CoreML-Speech";
		};
		3C419FF0282E0C0E005DD927 /* PBXContainerItemProxy */ = {
			isa = PBXContainerItemProxy;
			containerPortal = 3C419FC7282E0C0D005DD927 /* Project object */;
			proxyType = 1;
			remoteGlobalIDString = 3C419FCE282E0C0D005DD927;
			remoteInfo = "CoreML-Speech";
		};
/* End PBXContainerItemProxy section */

/* Begin PBXFileReference section */
		3C419FCF282E0C0D005DD927 /* CoreML-Speech.app */ = {isa = PBXFileReference; explicitFileType = wrapper.application; includeInIndex = 0; path = "CoreML-Speech.app"; sourceTree = BUILT_PRODUCTS_DIR; };
		3C419FD2282E0C0D005DD927 /* AppDelegate.swift */ = {isa = PBXFileReference; lastKnownFileType = sourcecode.swift; path = AppDelegate.swift; sourceTree = "<group>"; };
		3C419FD4282E0C0D005DD927 /* SceneDelegate.swift */ = {isa = PBXFileReference; lastKnownFileType = sourcecode.swift; path = SceneDelegate.swift; sourceTree = "<group>"; };
		3C419FD6282E0C0D005DD927 /* ViewController.swift */ = {isa = PBXFileReference; lastKnownFileType = sourcecode.swift; path = ViewController.swift; sourceTree = "<group>"; };
		3C419FD9282E0C0D005DD927 /* Base */ = {isa = PBXFileReference; lastKnownFileType = file.storyboard; name = Base; path = Base.lproj/Main.storyboard; sourceTree = "<group>"; };
		3C419FDB282E0C0E005DD927 /* Assets.xcassets */ = {isa = PBXFileReference; lastKnownFileType = folder.assetcatalog; path = Assets.xcassets; sourceTree = "<group>"; };
		3C419FDE282E0C0E005DD927 /* Base */ = {isa = PBXFileReference; lastKnownFileType = file.storyboard; name = Base; path = Base.lproj/LaunchScreen.storyboard; sourceTree = "<group>"; };
		3C419FE0282E0C0E005DD927 /* Info.plist */ = {isa = PBXFileReference; lastKnownFileType = text.plist.xml; path = Info.plist; sourceTree = "<group>"; };
		3C419FE5282E0C0E005DD927 /* CoreML-SpeechTests.xctest */ = {isa = PBXFileReference; explicitFileType = wrapper.cfbundle; includeInIndex = 0; path = "CoreML-SpeechTests.xctest"; sourceTree = BUILT_PRODUCTS_DIR; };
		3C419FE9282E0C0E005DD927 /* CoreML_SpeechTests.swift */ = {isa = PBXFileReference; lastKnownFileType = sourcecode.swift; path = CoreML_SpeechTests.swift; sourceTree = "<group>"; };
		3C419FEF282E0C0E005DD927 /* CoreML-SpeechUITests.xctest */ = {isa = PBXFileReference; explicitFileType = wrapper.cfbundle; includeInIndex = 0; path = "CoreML-SpeechUITests.xctest"; sourceTree = BUILT_PRODUCTS_DIR; };
		3C419FF3282E0C0E005DD927 /* CoreML_SpeechUITests.swift */ = {isa = PBXFileReference; lastKnownFileType = sourcecode.swift; path = CoreML_SpeechUITests.swift; sourceTree = "<group>"; };
		3C419FF5282E0C0E005DD927 /* CoreML_SpeechUITestsLaunchTests.swift */ = {isa = PBXFileReference; lastKnownFileType = sourcecode.swift; path = CoreML_SpeechUITestsLaunchTests.swift; sourceTree = "<group>"; };
		3C41A002282E12BD005DD927 /* sound.mp3 */ = {isa = PBXFileReference; lastKnownFileType = audio.mp3; path = sound.mp3; sourceTree = "<group>"; };
/* End PBXFileReference section */

/* Begin PBXFrameworksBuildPhase section */
		3C419FCC282E0C0D005DD927 /* Frameworks */ = {
			isa = PBXFrameworksBuildPhase;
			buildActionMask = 2147483647;
			files = (
			);
			runOnlyForDeploymentPostprocessing = 0;
		};
		3C419FE2282E0C0E005DD927 /* Frameworks */ = {
			isa = PBXFrameworksBuildPhase;
			buildActionMask = 2147483647;
			files = (
			);
			runOnlyForDeploymentPostprocessing = 0;
		};
		3C419FEC282E0C0E005DD927 /* Frameworks */ = {
			isa = PBXFrameworksBuildPhase;
			buildActionMask = 2147483647;
			files = (
			);
			runOnlyForDeploymentPostprocessing = 0;
		};
/* End PBXFrameworksBuildPhase section */

/* Begin PBXGroup section */
		3C419FC6282E0C0D005DD927 = {
			isa = PBXGroup;
			children = (
				3C419FD1282E0C0D005DD927 /* CoreML-Speech */,
				3C419FE8282E0C0E005DD927 /* CoreML-SpeechTests */,
				3C419FF2282E0C0E005DD927 /* CoreML-SpeechUITests */,
				3C419FD0282E0C0D005DD927 /* Products */,
			);
			sourceTree = "<group>";
		};
		3C419FD0282E0C0D005DD927 /* Products */ = {
			isa = PBXGroup;
			children = (
				3C419FCF282E0C0D005DD927 /* CoreML-Speech.app */,
				3C419FE5282E0C0E005DD927 /* CoreML-SpeechTests.xctest */,
				3C419FEF282E0C0E005DD927 /* CoreML-SpeechUITests.xctest */,
			);
			name = Products;
			sourceTree = "<group>";
		};
		3C419FD1282E0C0D005DD927 /* CoreML-Speech */ = {
			isa = PBXGroup;
			children = (
				3C41A002282E12BD005DD927 /* sound.mp3 */,
				3C419FD2282E0C0D005DD927 /* AppDelegate.swift */,
				3C419FD4282E0C0D005DD927 /* SceneDelegate.swift */,
				3C419FD6282E0C0D005DD927 /* ViewController.swift */,
				3C419FD8282E0C0D005DD927 /* Main.storyboard */,
				3C419FDB282E0C0E005DD927 /* Assets.xcassets */,
				3C419FDD282E0C0E005DD927 /* LaunchScreen.storyboard */,
				3C419FE0282E0C0E005DD927 /* Info.plist */,
			);
			path = "CoreML-Speech";
			sourceTree = "<group>";
		};
		3C419FE8282E0C0E005DD927 /* CoreML-SpeechTests */ = {
			isa = PBXGroup;
			children = (
				3C419FE9282E0C0E005DD927 /* CoreML_SpeechTests.swift */,
			);
			path = "CoreML-SpeechTests";
			sourceTree = "<group>";
		};
		3C419FF2282E0C0E005DD927 /* CoreML-SpeechUITests */ = {
			isa = PBXGroup;
			children = (
				3C419FF3282E0C0E005DD927 /* CoreML_SpeechUITests.swift */,
				3C419FF5282E0C0E005DD927 /* CoreML_SpeechUITestsLaunchTests.swift */,
			);
			path = "CoreML-SpeechUITests";
			sourceTree = "<group>";
		};
/* End PBXGroup section */

/* Begin PBXNativeTarget section */
		3C419FCE282E0C0D005DD927 /* CoreML-Speech */ = {
			isa = PBXNativeTarget;
			buildConfigurationList = 3C419FF9282E0C0E005DD927 /* Build configuration list for PBXNativeTarget "CoreML-Speech" */;
			buildPhases = (
				3C419FCB282E0C0D005DD927 /* Sources */,
				3C419FCC282E0C0D005DD927 /* Frameworks */,
				3C419FCD282E0C0D005DD927 /* Resources */,
			);
			buildRules = (
			);
			dependencies = (
			);
			name = "CoreML-Speech";
			productName = "CoreML-Speech";
			productReference = 3C419FCF282E0C0D005DD927 /* CoreML-Speech.app */;
			productType = "com.apple.product-type.application";
		};
		3C419FE4282E0C0E005DD927 /* CoreML-SpeechTests */ = {
			isa = PBXNativeTarget;
			buildConfigurationList = 3C419FFC282E0C0E005DD927 /* Build configuration list for PBXNativeTarget "CoreML-SpeechTests" */;
			buildPhases = (
				3C419FE1282E0C0E005DD927 /* Sources */,
				3C419FE2282E0C0E005DD927 /* Frameworks */,
				3C419FE3282E0C0E005DD927 /* Resources */,
			);
			buildRules = (
			);
			dependencies = (
				3C419FE7282E0C0E005DD927 /* PBXTargetDependency */,
			);
			name = "CoreML-SpeechTests";
			productName = "CoreML-SpeechTests";
			productReference = 3C419FE5282E0C0E005DD927 /* CoreML-SpeechTests.xctest */;
			productType = "com.apple.product-type.bundle.unit-test";
		};
		3C419FEE282E0C0E005DD927 /* CoreML-SpeechUITests */ = {
			isa = PBXNativeTarget;
			buildConfigurationList = 3C419FFF282E0C0E005DD927 /* Build configuration list for PBXNativeTarget "CoreML-SpeechUITests" */;
			buildPhases = (
				3C419FEB282E0C0E005DD927 /* Sources */,
				3C419FEC282E0C0E005DD927 /* Frameworks */,
				3C419FED282E0C0E005DD927 /* Resources */,
			);
			buildRules = (
			);
			dependencies = (
				3C419FF1282E0C0E005DD927 /* PBXTargetDependency */,
			);
			name = "CoreML-SpeechUITests";
			productName = "CoreML-SpeechUITests";
			productReference = 3C419FEF282E0C0E005DD927 /* CoreML-SpeechUITests.xctest */;
			productType = "com.apple.product-type.bundle.ui-testing";
		};
/* End PBXNativeTarget section */

/* Begin PBXProject section */
		3C419FC7282E0C0D005DD927 /* Project object */ = {
			isa = PBXProject;
			attributes = {
				BuildIndependentTargetsInParallel = 1;
				LastSwiftUpdateCheck = 1330;
				LastUpgradeCheck = 1330;
				TargetAttributes = {
					3C419FCE282E0C0D005DD927 = {
						CreatedOnToolsVersion = 13.3.1;
					};
					3C419FE4282E0C0E005DD927 = {
						CreatedOnToolsVersion = 13.3.1;
						TestTargetID = 3C419FCE282E0C0D005DD927;
					};
					3C419FEE282E0C0E005DD927 = {
						CreatedOnToolsVersion = 13.3.1;
						TestTargetID = 3C419FCE282E0C0D005DD927;
					};
				};
			};
			buildConfigurationList = 3C419FCA282E0C0D005DD927 /* Build configuration list for PBXProject "CoreML-Speech" */;
			compatibilityVersion = "Xcode 13.0";
			developmentRegion = en;
			hasScannedForEncodings = 0;
			knownRegions = (
				en,
				Base,
			);
			mainGroup = 3C419FC6282E0C0D005DD927;
			productRefGroup = 3C419FD0282E0C0D005DD927 /* Products */;
			projectDirPath = "";
			projectRoot = "";
			targets = (
				3C419FCE282E0C0D005DD927 /* CoreML-Speech */,
				3C419FE4282E0C0E005DD927 /* CoreML-SpeechTests */,
				3C419FEE282E0C0E005DD927 /* CoreML-SpeechUITests */,
			);
		};
/* End PBXProject section */

/* Begin PBXResourcesBuildPhase section */
		3C419FCD282E0C0D005DD927 /* Resources */ = {
			isa = PBXResourcesBuildPhase;
			buildActionMask = 2147483647;
			files = (
				3C41A003282E12BD005DD927 /* sound.mp3 in Resources */,
				3C419FDF282E0C0E005DD927 /* LaunchScreen.storyboard in Resources */,
				3C419FDC282E0C0E005DD927 /* Assets.xcassets in Resources */,
				3C419FDA282E0C0D005DD927 /* Main.storyboard in Resources */,
			);
			runOnlyForDeploymentPostprocessing = 0;
		};
		3C419FE3282E0C0E005DD927 /* Resources */ = {
			isa = PBXResourcesBuildPhase;
			buildActionMask = 2147483647;
			files = (
			);
			runOnlyForDeploymentPostprocessing = 0;
		};
		3C419FED282E0C0E005DD927 /* Resources */ = {
			isa = PBXResourcesBuildPhase;
			buildActionMask = 2147483647;
			files = (
			);
			runOnlyForDeploymentPostprocessing = 0;
		};
/* End PBXResourcesBuildPhase section */

/* Begin PBXSourcesBuildPhase section */
		3C419FCB282E0C0D005DD927 /* Sources */ = {
			isa = PBXSourcesBuildPhase;
			buildActionMask = 2147483647;
			files = (
				3C419FD7282E0C0D005DD927 /* ViewController.swift in Sources */,
				3C419FD3282E0C0D005DD927 /* AppDelegate.swift in Sources */,
				3C419FD5282E0C0D005DD927 /* SceneDelegate.swift in Sources */,
			);
			runOnlyForDeploymentPostprocessing = 0;
		};
		3C419FE1282E0C0E005DD927 /* Sources */ = {
			isa = PBXSourcesBuildPhase;
			buildActionMask = 2147483647;
			files = (
				3C419FEA282E0C0E005DD927 /* CoreML_SpeechTests.swift in Sources */,
			);
			runOnlyForDeploymentPostprocessing = 0;
		};
		3C419FEB282E0C0E005DD927 /* Sources */ = {
			isa = PBXSourcesBuildPhase;
			buildActionMask = 2147483647;
			files = (
				3C419FF6282E0C0E005DD927 /* CoreML_SpeechUITestsLaunchTests.swift in Sources */,
				3C419FF4282E0C0E005DD927 /* CoreML_SpeechUITests.swift in Sources */,
			);
			runOnlyForDeploymentPostprocessing = 0;
		};
/* End PBXSourcesBuildPhase section */

/* Begin PBXTargetDependency section */
		3C419FE7282E0C0E005DD927 /* PBXTargetDependency */ = {
			isa = PBXTargetDependency;
			target = 3C419FCE282E0C0D005DD927 /* CoreML-Speech */;
			targetProxy = 3C419FE6282E0C0E005DD927 /* PBXContainerItemProxy */;
		};
		3C419FF1282E0C0E005DD927 /* PBXTargetDependency */ = {
			isa = PBXTargetDependency;
			target = 3C419FCE282E0C0D005DD927 /* CoreML-Speech */;
			targetProxy = 3C419FF0282E0C0E005DD927 /* PBXContainerItemProxy */;
		};
/* End PBXTargetDependency section */

/* Begin PBXVariantGroup section */
		3C419FD8282E0C0D005DD927 /* Main.storyboard */ = {
			isa = PBXVariantGroup;
			children = (
				3C419FD9282E0C0D005DD927 /* Base */,
			);
			name = Main.storyboard;
			sourceTree = "<group>";
		};
		3C419FDD282E0C0E005DD927 /* LaunchScreen.storyboard */ = {
			isa = PBXVariantGroup;
			children = (
				3C419FDE282E0C0E005DD927 /* Base */,
			);
			name = LaunchScreen.storyboard;
			sourceTree = "<group>";
		};
/* End PBXVariantGroup section */

/* Begin XCBuildConfiguration section */
		3C419FF7282E0C0E005DD927 /* Debug */ = {
			isa = XCBuildConfiguration;
			buildSettings = {
				ALWAYS_SEARCH_USER_PATHS = NO;
				CLANG_ANALYZER_NONNULL = YES;
				CLANG_ANALYZER_NUMBER_OBJECT_CONVERSION = YES_AGGRESSIVE;
				CLANG_CXX_LANGUAGE_STANDARD = "gnu++17";
				CLANG_ENABLE_MODULES = YES;
				CLANG_ENABLE_OBJC_ARC = YES;
				CLANG_ENABLE_OBJC_WEAK = YES;
				CLANG_WARN_BLOCK_CAPTURE_AUTORELEASING = YES;
				CLANG_WARN_BOOL_CONVERSION = YES;
				CLANG_WARN_COMMA = YES;
				CLANG_WARN_CONSTANT_CONVERSION = YES;
				CLANG_WARN_DEPRECATED_OBJC_IMPLEMENTATIONS = YES;
				CLANG_WARN_DIRECT_OBJC_ISA_USAGE = YES_ERROR;
				CLANG_WARN_DOCUMENTATION_COMMENTS = YES;
				CLANG_WARN_EMPTY_BODY = YES;
				CLANG_WARN_ENUM_CONVERSION = YES;
				CLANG_WARN_INFINITE_RECURSION = YES;
				CLANG_WARN_INT_CONVERSION = YES;
				CLANG_WARN_NON_LITERAL_NULL_CONVERSION = YES;
				CLANG_WARN_OBJC_IMPLICIT_RETAIN_SELF = YES;
				CLANG_WARN_OBJC_LITERAL_CONVERSION = YES;
				CLANG_WARN_OBJC_ROOT_CLASS = YES_ERROR;
				CLANG_WARN_QUOTED_INCLUDE_IN_FRAMEWORK_HEADER = YES;
				CLANG_WARN_RANGE_LOOP_ANALYSIS = YES;
				CLANG_WARN_STRICT_PROTOTYPES = YES;
				CLANG_WARN_SUSPICIOUS_MOVE = YES;
				CLANG_WARN_UNGUARDED_AVAILABILITY = YES_AGGRESSIVE;
				CLANG_WARN_UNREACHABLE_CODE = YES;
				CLANG_WARN__DUPLICATE_METHOD_MATCH = YES;
				COPY_PHASE_STRIP = NO;
				DEBUG_INFORMATION_FORMAT = dwarf;
				ENABLE_STRICT_OBJC_MSGSEND = YES;
				ENABLE_TESTABILITY = YES;
				GCC_C_LANGUAGE_STANDARD = gnu11;
				GCC_DYNAMIC_NO_PIC = NO;
				GCC_NO_COMMON_BLOCKS = YES;
				GCC_OPTIMIZATION_LEVEL = 0;
				GCC_PREPROCESSOR_DEFINITIONS = (
					"DEBUG=1",
					"$(inherited)",
				);
				GCC_WARN_64_TO_32_BIT_CONVERSION = YES;
				GCC_WARN_ABOUT_RETURN_TYPE = YES_ERROR;
				GCC_WARN_UNDECLARED_SELECTOR = YES;
				GCC_WARN_UNINITIALIZED_AUTOS = YES_AGGRESSIVE;
				GCC_WARN_UNUSED_FUNCTION = YES;
				GCC_WARN_UNUSED_VARIABLE = YES;
				IPHONEOS_DEPLOYMENT_TARGET = 15.4;
				MTL_ENABLE_DEBUG_INFO = INCLUDE_SOURCE;
				MTL_FAST_MATH = YES;
				ONLY_ACTIVE_ARCH = YES;
				SDKROOT = iphoneos;
				SWIFT_ACTIVE_COMPILATION_CONDITIONS = DEBUG;
				SWIFT_OPTIMIZATION_LEVEL = "-Onone";
			};
			name = Debug;
		};
		3C419FF8282E0C0E005DD927 /* Release */ = {
			isa = XCBuildConfiguration;
			buildSettings = {
				ALWAYS_SEARCH_USER_PATHS = NO;
				CLANG_ANALYZER_NONNULL = YES;
				CLANG_ANALYZER_NUMBER_OBJECT_CONVERSION = YES_AGGRESSIVE;
				CLANG_CXX_LANGUAGE_STANDARD = "gnu++17";
				CLANG_ENABLE_MODULES = YES;
				CLANG_ENABLE_OBJC_ARC = YES;
				CLANG_ENABLE_OBJC_WEAK = YES;
				CLANG_WARN_BLOCK_CAPTURE_AUTORELEASING = YES;
				CLANG_WARN_BOOL_CONVERSION = YES;
				CLANG_WARN_COMMA = YES;
				CLANG_WARN_CONSTANT_CONVERSION = YES;
				CLANG_WARN_DEPRECATED_OBJC_IMPLEMENTATIONS = YES;
				CLANG_WARN_DIRECT_OBJC_ISA_USAGE = YES_ERROR;
				CLANG_WARN_DOCUMENTATION_COMMENTS = YES;
				CLANG_WARN_EMPTY_BODY = YES;
				CLANG_WARN_ENUM_CONVERSION = YES;
				CLANG_WARN_INFINITE_RECURSION = YES;
				CLANG_WARN_INT_CONVERSION = YES;
				CLANG_WARN_NON_LITERAL_NULL_CONVERSION = YES;
				CLANG_WARN_OBJC_IMPLICIT_RETAIN_SELF = YES;
				CLANG_WARN_OBJC_LITERAL_CONVERSION = YES;
				CLANG_WARN_OBJC_ROOT_CLASS = YES_ERROR;
				CLANG_WARN_QUOTED_INCLUDE_IN_FRAMEWORK_HEADER = YES;
				CLANG_WARN_RANGE_LOOP_ANALYSIS = YES;
				CLANG_WARN_STRICT_PROTOTYPES = YES;
				CLANG_WARN_SUSPICIOUS_MOVE = YES;
				CLANG_WARN_UNGUARDED_AVAILABILITY = YES_AGGRESSIVE;
				CLANG_WARN_UNREACHABLE_CODE = YES;
				CLANG_WARN__DUPLICATE_METHOD_MATCH = YES;
				COPY_PHASE_STRIP = NO;
				DEBUG_INFORMATION_FORMAT = "dwarf-with-dsym";
				ENABLE_NS_ASSERTIONS = NO;
				ENABLE_STRICT_OBJC_MSGSEND = YES;
				GCC_C_LANGUAGE_STANDARD = gnu11;
				GCC_NO_COMMON_BLOCKS = YES;
				GCC_WARN_64_TO_32_BIT_CONVERSION = YES;
				GCC_WARN_ABOUT_RETURN_TYPE = YES_ERROR;
				GCC_WARN_UNDECLARED_SELECTOR = YES;
				GCC_WARN_UNINITIALIZED_AUTOS = YES_AGGRESSIVE;
				GCC_WARN_UNUSED_FUNCTION = YES;
				GCC_WARN_UNUSED_VARIABLE = YES;
				IPHONEOS_DEPLOYMENT_TARGET = 15.4;
				MTL_ENABLE_DEBUG_INFO = NO;
				MTL_FAST_MATH = YES;
				SDKROOT = iphoneos;
				SWIFT_COMPILATION_MODE = wholemodule;
				SWIFT_OPTIMIZATION_LEVEL = "-O";
				VALIDATE_PRODUCT = YES;
			};
			name = Release;
		};
		3C419FFA282E0C0E005DD927 /* Debug */ = {
			isa = XCBuildConfiguration;
			buildSettings = {
				ASSETCATALOG_COMPILER_APPICON_NAME = AppIcon;
				ASSETCATALOG_COMPILER_GLOBAL_ACCENT_COLOR_NAME = AccentColor;
				CODE_SIGN_STYLE = Automatic;
				CURRENT_PROJECT_VERSION = 1;
				DEVELOPMENT_TEAM = QF8H8R2NAV;
				GENERATE_INFOPLIST_FILE = YES;
				INFOPLIST_FILE = "CoreML-Speech/Info.plist";
				INFOPLIST_KEY_UIApplicationSupportsIndirectInputEvents = YES;
				INFOPLIST_KEY_UILaunchStoryboardName = LaunchScreen;
				INFOPLIST_KEY_UIMainStoryboardFile = Main;
				INFOPLIST_KEY_UISupportedInterfaceOrientations_iPad = "UIInterfaceOrientationPortrait UIInterfaceOrientationPortraitUpsideDown UIInterfaceOrientationLandscapeLeft UIInterfaceOrientationLandscapeRight";
				INFOPLIST_KEY_UISupportedInterfaceOrientations_iPhone = "UIInterfaceOrientationPortrait UIInterfaceOrientationLandscapeLeft UIInterfaceOrientationLandscapeRight";
				LD_RUNPATH_SEARCH_PATHS = (
					"$(inherited)",
					"@executable_path/Frameworks",
				);
				MARKETING_VERSION = 1.0;
				PRODUCT_BUNDLE_IDENTIFIER = "yf.develper.apple.CoreML-Speech";
				PRODUCT_NAME = "$(TARGET_NAME)";
				SWIFT_EMIT_LOC_STRINGS = YES;
				SWIFT_VERSION = 5.0;
				TARGETED_DEVICE_FAMILY = "1,2";
			};
			name = Debug;
		};
		3C419FFB282E0C0E005DD927 /* Release */ = {
			isa = XCBuildConfiguration;
			buildSettings = {
				ASSETCATALOG_COMPILER_APPICON_NAME = AppIcon;
				ASSETCATALOG_COMPILER_GLOBAL_ACCENT_COLOR_NAME = AccentColor;
				CODE_SIGN_STYLE = Automatic;
				CURRENT_PROJECT_VERSION = 1;
				DEVELOPMENT_TEAM = QF8H8R2NAV;
				GENERATE_INFOPLIST_FILE = YES;
				INFOPLIST_FILE = "CoreML-Speech/Info.plist";
				INFOPLIST_KEY_UIApplicationSupportsIndirectInputEvents = YES;
				INFOPLIST_KEY_UILaunchStoryboardName = LaunchScreen;
				INFOPLIST_KEY_UIMainStoryboardFile = Main;
				INFOPLIST_KEY_UISupportedInterfaceOrientations_iPad = "UIInterfaceOrientationPortrait UIInterfaceOrientationPortraitUpsideDown UIInterfaceOrientationLandscapeLeft UIInterfaceOrientationLandscapeRight";
				INFOPLIST_KEY_UISupportedInterfaceOrientations_iPhone = "UIInterfaceOrientationPortrait UIInterfaceOrientationLandscapeLeft UIInterfaceOrientationLandscapeRight";
				LD_RUNPATH_SEARCH_PATHS = (
					"$(inherited)",
					"@executable_path/Frameworks",
				);
				MARKETING_VERSION = 1.0;
				PRODUCT_BUNDLE_IDENTIFIER = "yf.develper.apple.CoreML-Speech";
				PRODUCT_NAME = "$(TARGET_NAME)";
				SWIFT_EMIT_LOC_STRINGS = YES;
				SWIFT_VERSION = 5.0;
				TARGETED_DEVICE_FAMILY = "1,2";
			};
			name = Release;
		};
		3C419FFD282E0C0E005DD927 /* Debug */ = {
			isa = XCBuildConfiguration;
			buildSettings = {
				ALWAYS_EMBED_SWIFT_STANDARD_LIBRARIES = YES;
				BUNDLE_LOADER = "$(TEST_HOST)";
				CODE_SIGN_STYLE = Automatic;
				CURRENT_PROJECT_VERSION = 1;
				DEVELOPMENT_TEAM = QF8H8R2NAV;
				GENERATE_INFOPLIST_FILE = YES;
				IPHONEOS_DEPLOYMENT_TARGET = 15.4;
				MARKETING_VERSION = 1.0;
				PRODUCT_BUNDLE_IDENTIFIER = "yf.develper.apple.CoreML-SpeechTests";
				PRODUCT_NAME = "$(TARGET_NAME)";
				SWIFT_EMIT_LOC_STRINGS = NO;
				SWIFT_VERSION = 5.0;
				TARGETED_DEVICE_FAMILY = "1,2";
				TEST_HOST = "$(BUILT_PRODUCTS_DIR)/CoreML-Speech.app/CoreML-Speech";
			};
			name = Debug;
		};
		3C419FFE282E0C0E005DD927 /* Release */ = {
			isa = XCBuildConfiguration;
			buildSettings = {
				ALWAYS_EMBED_SWIFT_STANDARD_LIBRARIES = YES;
				BUNDLE_LOADER = "$(TEST_HOST)";
				CODE_SIGN_STYLE = Automatic;
				CURRENT_PROJECT_VERSION = 1;
				DEVELOPMENT_TEAM = QF8H8R2NAV;
				GENERATE_INFOPLIST_FILE = YES;
				IPHONEOS_DEPLOYMENT_TARGET = 15.4;
				MARKETING_VERSION = 1.0;
				PRODUCT_BUNDLE_IDENTIFIER = "yf.develper.apple.CoreML-SpeechTests";
				PRODUCT_NAME = "$(TARGET_NAME)";
				SWIFT_EMIT_LOC_STRINGS = NO;
				SWIFT_VERSION = 5.0;
				TARGETED_DEVICE_FAMILY = "1,2";
				TEST_HOST = "$(BUILT_PRODUCTS_DIR)/CoreML-Speech.app/CoreML-Speech";
			};
			name = Release;
		};
		3C41A000282E0C0E005DD927 /* Debug */ = {
			isa = XCBuildConfiguration;
			buildSettings = {
				ALWAYS_EMBED_SWIFT_STANDARD_LIBRARIES = YES;
				CODE_SIGN_STYLE = Automatic;
				CURRENT_PROJECT_VERSION = 1;
				DEVELOPMENT_TEAM = QF8H8R2NAV;
				GENERATE_INFOPLIST_FILE = YES;
				MARKETING_VERSION = 1.0;
				PRODUCT_BUNDLE_IDENTIFIER = "yf.develper.apple.CoreML-SpeechUITests";
				PRODUCT_NAME = "$(TARGET_NAME)";
				SWIFT_EMIT_LOC_STRINGS = NO;
				SWIFT_VERSION = 5.0;
				TARGETED_DEVICE_FAMILY = "1,2";
				TEST_TARGET_NAME = "CoreML-Speech";
			};
			name = Debug;
		};
		3C41A001282E0C0E005DD927 /* Release */ = {
			isa = XCBuildConfiguration;
			buildSettings = {
				ALWAYS_EMBED_SWIFT_STANDARD_LIBRARIES = YES;
				CODE_SIGN_STYLE = Automatic;
				CURRENT_PROJECT_VERSION = 1;
				DEVELOPMENT_TEAM = QF8H8R2NAV;
				GENERATE_INFOPLIST_FILE = YES;
				MARKETING_VERSION = 1.0;
				PRODUCT_BUNDLE_IDENTIFIER = "yf.develper.apple.CoreML-SpeechUITests";
				PRODUCT_NAME = "$(TARGET_NAME)";
				SWIFT_EMIT_LOC_STRINGS = NO;
				SWIFT_VERSION = 5.0;
				TARGETED_DEVICE_FAMILY = "1,2";
				TEST_TARGET_NAME = "CoreML-Speech";
			};
			name = Release;
		};
/* End XCBuildConfiguration section */

/* Begin XCConfigurationList section */
		3C419FCA282E0C0D005DD927 /* Build configuration list for PBXProject "CoreML-Speech" */ = {
			isa = XCConfigurationList;
			buildConfigurations = (
				3C419FF7282E0C0E005DD927 /* Debug */,
				3C419FF8282E0C0E005DD927 /* Release */,
			);
			defaultConfigurationIsVisible = 0;
			defaultConfigurationName = Release;
		};
		3C419FF9282E0C0E005DD927 /* Build configuration list for PBXNativeTarget "CoreML-Speech" */ = {
			isa = XCConfigurationList;
			buildConfigurations = (
				3C419FFA282E0C0E005DD927 /* Debug */,
				3C419FFB282E0C0E005DD927 /* Release */,
			);
			defaultConfigurationIsVisible = 0;
			defaultConfigurationName = Release;
		};
		3C419FFC282E0C0E005DD927 /* Build configuration list for PBXNativeTarget "CoreML-SpeechTests" */ = {
			isa = XCConfigurationList;
			buildConfigurations = (
				3C419FFD282E0C0E005DD927 /* Debug */,
				3C419FFE282E0C0E005DD927 /* Release */,
			);
			defaultConfigurationIsVisible = 0;
			defaultConfigurationName = Release;
		};
		3C419FFF282E0C0E005DD927 /* Build configuration list for PBXNativeTarget "CoreML-SpeechUITests" */ = {
			isa = XCConfigurationList;
			buildConfigurations = (
				3C41A000282E0C0E005DD927 /* Debug */,
				3C41A001282E0C0E005DD927 /* Release */,
			);
			defaultConfigurationIsVisible = 0;
			defaultConfigurationName = Release;
		};
/* End XCConfigurationList section */
	};
	rootObject = 3C419FC7282E0C0D005DD927 /* Project object */;
}
